
Microsoft Visual Studio Solution File, Format Version 12.00
# Visual Studio 14
VisualStudioVersion = 14.0.25420.1
MinimumVisualStudioVersion = 10.0.40219.1
Project("{FAE04EC0-301F-11D3-BF4B-00C04F79EFBC}") = "Projeto01a", "Projeto01a\Projeto01a.csproj", "{C40940EE-F70A-4864-89DF-C338E9B0A506}"
EndProject
Project("{FAE04EC0-301F-11D3-BF4B-00C04F79EFBC}") = "Modelo", "Modelo\Modelo.csproj", "{DC0BEFF8-DD89-42BD-A864-62DC261B6DE9}"
EndProject
Global
	GlobalSection(SolutionConfigurationPlatforms) = preSolution
		Debug|Any CPU = Debug|Any CPU
		Release|Any CPU = Release|Any CPU
	EndGlobalSection
	GlobalSection(ProjectConfigurationPlatforms) = postSolution
		{C40940EE-F70A-4864-89DF-C338E9B0A506}.Debug|Any CPU.ActiveCfg = Debug|Any CPU
		{C40940EE-F70A-4864-89DF-C338E9B0A506}.Debug|Any CPU.Build.0 = Debug|Any CPU
		{C40940EE-F70A-4864-89DF-C338E9B0A506}.Release|Any CPU.ActiveCfg = Release|Any CPU
		{C40940EE-F70A-4864-89DF-C338E9B0A506}.Release|Any CPU.Build.0 = Release|Any CPU
		{DC0BEFF8-DD89-42BD-A864-62DC261B6DE9}.Debug|Any CPU.ActiveCfg = Debug|Any CPU
		{DC0BEFF8-DD89-42BD-A864-62DC261B6DE9}.Debug|Any CPU.Build.0 = Debug|Any CPU
		{DC0BEFF8-DD89-42BD-A864-62DC261B6DE9}.Release|Any CPU.ActiveCfg = Release|Any CPU
		{DC0BEFF8-DD89-42BD-A864-62DC261B6DE9}.Release|Any CPU.Build.0 = Release|Any CPU
	EndGlobalSection
	GlobalSection(SolutionProperties) = preSolution
		HideSolutionNode = FALSE
	EndGlobalSection
EndGlobal
